
Microsoft Visual Studio Solution File, Format Version 12.00
# Visual Studio 15
VisualStudioVersion = 15.0.26124.0
MinimumVisualStudioVersion = 15.0.26124.0
Project("{FAE04EC0-301F-11D3-BF4B-00C04F79EFBC}") = "Domain", "Domain\Domain.csproj", "{AE2DFC4F-E2C5-44DB-93D3-6AB90F6A313D}"
EndProject
Project("{FAE04EC0-301F-11D3-BF4B-00C04F79EFBC}") = "Application", "Application\Application.csproj", "{77A992F9-148B-4D16-89DE-83F0C0F0BED1}"
EndProject
Project("{FAE04EC0-301F-11D3-BF4B-00C04F79EFBC}") = "Persistence", "Persistence\Persistence.csproj", "{F18E359A-5AB3-4A71-924B-F65E4D2BE0D2}"
EndProject
Project("{FAE04EC0-301F-11D3-BF4B-00C04F79EFBC}") = "API", "API\API.csproj", "{D5979060-A4F7-482D-91D1-9C44543EAC45}"
EndProject
Global
	GlobalSection(SolutionConfigurationPlatforms) = preSolution
		Debug|Any CPU = Debug|Any CPU
		Debug|x64 = Debug|x64
		Debug|x86 = Debug|x86
		Release|Any CPU = Release|Any CPU
		Release|x64 = Release|x64
		Release|x86 = Release|x86
	EndGlobalSection
	GlobalSection(SolutionProperties) = preSolution
		HideSolutionNode = FALSE
	EndGlobalSection
	GlobalSection(ProjectConfigurationPlatforms) = postSolution
		{AE2DFC4F-E2C5-44DB-93D3-6AB90F6A313D}.Debug|Any CPU.ActiveCfg = Debug|Any CPU
		{AE2DFC4F-E2C5-44DB-93D3-6AB90F6A313D}.Debug|Any CPU.Build.0 = Debug|Any CPU
		{AE2DFC4F-E2C5-44DB-93D3-6AB90F6A313D}.Debug|x64.ActiveCfg = Debug|Any CPU
		{AE2DFC4F-E2C5-44DB-93D3-6AB90F6A313D}.Debug|x64.Build.0 = Debug|Any CPU
		{AE2DFC4F-E2C5-44DB-93D3-6AB90F6A313D}.Debug|x86.ActiveCfg = Debug|Any CPU
		{AE2DFC4F-E2C5-44DB-93D3-6AB90F6A313D}.Debug|x86.Build.0 = Debug|Any CPU
		{AE2DFC4F-E2C5-44DB-93D3-6AB90F6A313D}.Release|Any CPU.ActiveCfg = Release|Any CPU
		{AE2DFC4F-E2C5-44DB-93D3-6AB90F6A313D}.Release|Any CPU.Build.0 = Release|Any CPU
		{AE2DFC4F-E2C5-44DB-93D3-6AB90F6A313D}.Release|x64.ActiveCfg = Release|Any CPU
		{AE2DFC4F-E2C5-44DB-93D3-6AB90F6A313D}.Release|x64.Build.0 = Release|Any CPU
		{AE2DFC4F-E2C5-44DB-93D3-6AB90F6A313D}.Release|x86.ActiveCfg = Release|Any CPU
		{AE2DFC4F-E2C5-44DB-93D3-6AB90F6A313D}.Release|x86.Build.0 = Release|Any CPU
		{77A992F9-148B-4D16-89DE-83F0C0F0BED1}.Debug|Any CPU.ActiveCfg = Debug|Any CPU
		{77A992F9-148B-4D16-89DE-83F0C0F0BED1}.Debug|Any CPU.Build.0 = Debug|Any CPU
		{77A992F9-148B-4D16-89DE-83F0C0F0BED1}.Debug|x64.ActiveCfg = Debug|Any CPU
		{77A992F9-148B-4D16-89DE-83F0C0F0BED1}.Debug|x64.Build.0 = Debug|Any CPU
		{77A992F9-148B-4D16-89DE-83F0C0F0BED1}.Debug|x86.ActiveCfg = Debug|Any CPU
		{77A992F9-148B-4D16-89DE-83F0C0F0BED1}.Debug|x86.Build.0 = Debug|Any CPU
		{77A992F9-148B-4D16-89DE-83F0C0F0BED1}.Release|Any CPU.ActiveCfg = Release|Any CPU
		{77A992F9-148B-4D16-89DE-83F0C0F0BED1}.Release|Any CPU.Build.0 = Release|Any CPU
		{77A992F9-148B-4D16-89DE-83F0C0F0BED1}.Release|x64.ActiveCfg = Release|Any CPU
		{77A992F9-148B-4D16-89DE-83F0C0F0BED1}.Release|x64.Build.0 = Release|Any CPU
		{77A992F9-148B-4D16-89DE-83F0C0F0BED1}.Release|x86.ActiveCfg = Release|Any CPU
		{77A992F9-148B-4D16-89DE-83F0C0F0BED1}.Release|x86.Build.0 = Release|Any CPU
		{F18E359A-5AB3-4A71-924B-F65E4D2BE0D2}.Debug|Any CPU.ActiveCfg = Debug|Any CPU
		{F18E359A-5AB3-4A71-924B-F65E4D2BE0D2}.Debug|Any CPU.Build.0 = Debug|Any CPU
		{F18E359A-5AB3-4A71-924B-F65E4D2BE0D2}.Debug|x64.ActiveCfg = Debug|Any CPU
		{F18E359A-5AB3-4A71-924B-F65E4D2BE0D2}.Debug|x64.Build.0 = Debug|Any CPU
		{F18E359A-5AB3-4A71-924B-F65E4D2BE0D2}.Debug|x86.ActiveCfg = Debug|Any CPU
		{F18E359A-5AB3-4A71-924B-F65E4D2BE0D2}.Debug|x86.Build.0 = Debug|Any CPU
		{F18E359A-5AB3-4A71-924B-F65E4D2BE0D2}.Release|Any CPU.ActiveCfg = Release|Any CPU
		{F18E359A-5AB3-4A71-924B-F65E4D2BE0D2}.Release|Any CPU.Build.0 = Release|Any CPU
		{F18E359A-5AB3-4A71-924B-F65E4D2BE0D2}.Release|x64.ActiveCfg = Release|Any CPU
		{F18E359A-5AB3-4A71-924B-F65E4D2BE0D2}.Release|x64.Build.0 = Release|Any CPU
		{F18E359A-5AB3-4A71-924B-F65E4D2BE0D2}.Release|x86.ActiveCfg = Release|Any CPU
		{F18E359A-5AB3-4A71-924B-F65E4D2BE0D2}.Release|x86.Build.0 = Release|Any CPU
		{D5979060-A4F7-482D-91D1-9C44543EAC45}.Debug|Any CPU.ActiveCfg = Debug|Any CPU
		{D5979060-A4F7-482D-91D1-9C44543EAC45}.Debug|Any CPU.Build.0 = Debug|Any CPU
		{D5979060-A4F7-482D-91D1-9C44543EAC45}.Debug|x64.ActiveCfg = Debug|Any CPU
		{D5979060-A4F7-482D-91D1-9C44543EAC45}.Debug|x64.Build.0 = Debug|Any CPU
		{D5979060-A4F7-482D-91D1-9C44543EAC45}.Debug|x86.ActiveCfg = Debug|Any CPU
		{D5979060-A4F7-482D-91D1-9C44543EAC45}.Debug|x86.Build.0 = Debug|Any CPU
		{D5979060-A4F7-482D-91D1-9C44543EAC45}.Release|Any CPU.ActiveCfg = Release|Any CPU
		{D5979060-A4F7-482D-91D1-9C44543EAC45}.Release|Any CPU.Build.0 = Release|Any CPU
		{D5979060-A4F7-482D-91D1-9C44543EAC45}.Release|x64.ActiveCfg = Release|Any CPU
		{D5979060-A4F7-482D-91D1-9C44543EAC45}.Release|x64.Build.0 = Release|Any CPU
		{D5979060-A4F7-482D-91D1-9C44543EAC45}.Release|x86.ActiveCfg = Release|Any CPU
		{D5979060-A4F7-482D-91D1-9C44543EAC45}.Release|x86.Build.0 = Release|Any CPU
	EndGlobalSection
EndGlobal
